
Microsoft Visual Studio Solution File, Format Version 12.00
# Visual Studio Version 17
VisualStudioVersion = 17.3.32825.248
MinimumVisualStudioVersion = 10.0.40219.1
Project("{FAE04EC0-301F-11D3-BF4B-00C04F79EFBC}") = "Q1", "Q1\Q1.csproj", "{049C845C-6C2E-4333-B4EF-15A444F83C43}"
EndProject
Project("{FAE04EC0-301F-11D3-BF4B-00C04F79EFBC}") = "Q2", "Q2\Q2.csproj", "{463765F3-9D67-4A92-B568-B6A768209067}"
EndProject
Global
	GlobalSection(SolutionConfigurationPlatforms) = preSolution
		Debug|Any CPU = Debug|Any CPU
		Release|Any CPU = Release|Any CPU
	EndGlobalSection
	GlobalSection(ProjectConfigurationPlatforms) = postSolution
		{049C845C-6C2E-4333-B4EF-15A444F83C43}.Debug|Any CPU.ActiveCfg = Debug|Any CPU
		{049C845C-6C2E-4333-B4EF-15A444F83C43}.Debug|Any CPU.Build.0 = Debug|Any CPU
		{049C845C-6C2E-4333-B4EF-15A444F83C43}.Release|Any CPU.ActiveCfg = Release|Any CPU
		{049C845C-6C2E-4333-B4EF-15A444F83C43}.Release|Any CPU.Build.0 = Release|Any CPU
		{463765F3-9D67-4A92-B568-B6A768209067}.Debug|Any CPU.ActiveCfg = Debug|Any CPU
		{463765F3-9D67-4A92-B568-B6A768209067}.Debug|Any CPU.Build.0 = Debug|Any CPU
		{463765F3-9D67-4A92-B568-B6A768209067}.Release|Any CPU.ActiveCfg = Release|Any CPU
		{463765F3-9D67-4A92-B568-B6A768209067}.Release|Any CPU.Build.0 = Release|Any CPU
	EndGlobalSection
	GlobalSection(SolutionProperties) = preSolution
		HideSolutionNode = FALSE
	EndGlobalSection
	GlobalSection(ExtensibilityGlobals) = postSolution
		SolutionGuid = {1F784CC3-B170-4435-94D7-4DD49743FA39}
	EndGlobalSection
EndGlobal
